
Microsoft Visual Studio Solution File, Format Version 12.00
# Visual Studio Version 17
VisualStudioVersion = 17.0.31903.59
MinimumVisualStudioVersion = 10.0.40219.1
Project("{2150E333-8FDC-42A3-9474-1A3956D46DE8}") = "src", "src", "{827E0CD3-B72D-47B6-A68D-7590B98EB39B}"
EndProject
Project("{FAE04EC0-301F-11D3-BF4B-00C04F79EFBC}") = "AITrainingArena.Domain", "src\AITrainingArena.Domain\AITrainingArena.Domain.csproj", "{0841A736-3BD8-4802-8DCF-1CC779C09E11}"
EndProject
Project("{FAE04EC0-301F-11D3-BF4B-00C04F79EFBC}") = "AITrainingArena.Application", "src\AITrainingArena.Application\AITrainingArena.Application.csproj", "{7EB5E5A4-9011-40F2-94FA-6C0092F333A2}"
EndProject
Project("{FAE04EC0-301F-11D3-BF4B-00C04F79EFBC}") = "AITrainingArena.Infrastructure", "src\AITrainingArena.Infrastructure\AITrainingArena.Infrastructure.csproj", "{D5306EB6-5669-4872-8EE4-907C7943CF11}"
EndProject
Project("{FAE04EC0-301F-11D3-BF4B-00C04F79EFBC}") = "AITrainingArena.API", "src\AITrainingArena.API\AITrainingArena.API.csproj", "{ADAA0395-0B19-4CE5-B632-F2247A357FE0}"
EndProject
Project("{FAE04EC0-301F-11D3-BF4B-00C04F79EFBC}") = "AITrainingArena.BattleEngine", "src\AITrainingArena.BattleEngine\AITrainingArena.BattleEngine.csproj", "{D67EAA0A-23BC-4B95-B0F6-5D8B5DB80384}"
EndProject
Project("{FAE04EC0-301F-11D3-BF4B-00C04F79EFBC}") = "AITrainingArena.Blockchain", "src\AITrainingArena.Blockchain\AITrainingArena.Blockchain.csproj", "{087D4791-2F78-4A33-8F89-30A1A9A7075A}"
EndProject
Project("{2150E333-8FDC-42A3-9474-1A3956D46DE8}") = "tests", "tests", "{0AB3BF05-4346-4AA6-1389-037BE0695223}"
EndProject
Project("{FAE04EC0-301F-11D3-BF4B-00C04F79EFBC}") = "AITrainingArena.Tests", "tests\AITrainingArena.Tests\AITrainingArena.Tests.csproj", "{4E0779F6-1F49-4DFB-AB68-06BBEFE68B56}"
EndProject
Global
	GlobalSection(SolutionConfigurationPlatforms) = preSolution
		Debug|Any CPU = Debug|Any CPU
		Debug|x64 = Debug|x64
		Debug|x86 = Debug|x86
		Release|Any CPU = Release|Any CPU
		Release|x64 = Release|x64
		Release|x86 = Release|x86
	EndGlobalSection
	GlobalSection(ProjectConfigurationPlatforms) = postSolution
		{0841A736-3BD8-4802-8DCF-1CC779C09E11}.Debug|Any CPU.ActiveCfg = Debug|Any CPU
		{0841A736-3BD8-4802-8DCF-1CC779C09E11}.Debug|Any CPU.Build.0 = Debug|Any CPU
		{0841A736-3BD8-4802-8DCF-1CC779C09E11}.Debug|x64.ActiveCfg = Debug|Any CPU
		{0841A736-3BD8-4802-8DCF-1CC779C09E11}.Debug|x64.Build.0 = Debug|Any CPU
		{0841A736-3BD8-4802-8DCF-1CC779C09E11}.Debug|x86.ActiveCfg = Debug|Any CPU
		{0841A736-3BD8-4802-8DCF-1CC779C09E11}.Debug|x86.Build.0 = Debug|Any CPU
		{0841A736-3BD8-4802-8DCF-1CC779C09E11}.Release|Any CPU.ActiveCfg = Release|Any CPU
		{0841A736-3BD8-4802-8DCF-1CC779C09E11}.Release|Any CPU.Build.0 = Release|Any CPU
		{0841A736-3BD8-4802-8DCF-1CC779C09E11}.Release|x64.ActiveCfg = Release|Any CPU
		{0841A736-3BD8-4802-8DCF-1CC779C09E11}.Release|x64.Build.0 = Release|Any CPU
		{0841A736-3BD8-4802-8DCF-1CC779C09E11}.Release|x86.ActiveCfg = Release|Any CPU
		{0841A736-3BD8-4802-8DCF-1CC779C09E11}.Release|x86.Build.0 = Release|Any CPU
		{7EB5E5A4-9011-40F2-94FA-6C0092F333A2}.Debug|Any CPU.ActiveCfg = Debug|Any CPU
		{7EB5E5A4-9011-40F2-94FA-6C0092F333A2}.Debug|Any CPU.Build.0 = Debug|Any CPU
		{7EB5E5A4-9011-40F2-94FA-6C0092F333A2}.Debug|x64.ActiveCfg = Debug|Any CPU
		{7EB5E5A4-9011-40F2-94FA-6C0092F333A2}.Debug|x64.Build.0 = Debug|Any CPU
		{7EB5E5A4-9011-40F2-94FA-6C0092F333A2}.Debug|x86.ActiveCfg = Debug|Any CPU
		{7EB5E5A4-9011-40F2-94FA-6C0092F333A2}.Debug|x86.Build.0 = Debug|Any CPU
		{7EB5E5A4-9011-40F2-94FA-6C0092F333A2}.Release|Any CPU.ActiveCfg = Release|Any CPU
		{7EB5E5A4-9011-40F2-94FA-6C0092F333A2}.Release|Any CPU.Build.0 = Release|Any CPU
		{7EB5E5A4-9011-40F2-94FA-6C0092F333A2}.Release|x64.ActiveCfg = Release|Any CPU
		{7EB5E5A4-9011-40F2-94FA-6C0092F333A2}.Release|x64.Build.0 = Release|Any CPU
		{7EB5E5A4-9011-40F2-94FA-6C0092F333A2}.Release|x86.ActiveCfg = Release|Any CPU
		{7EB5E5A4-9011-40F2-94FA-6C0092F333A2}.Release|x86.Build.0 = Release|Any CPU
		{D5306EB6-5669-4872-8EE4-907C7943CF11}.Debug|Any CPU.ActiveCfg = Debug|Any CPU
		{D5306EB6-5669-4872-8EE4-907C7943CF11}.Debug|Any CPU.Build.0 = Debug|Any CPU
		{D5306EB6-5669-4872-8EE4-907C7943CF11}.Debug|x64.ActiveCfg = Debug|Any CPU
		{D5306EB6-5669-4872-8EE4-907C7943CF11}.Debug|x64.Build.0 = Debug|Any CPU
		{D5306EB6-5669-4872-8EE4-907C7943CF11}.Debug|x86.ActiveCfg = Debug|Any CPU
		{D5306EB6-5669-4872-8EE4-907C7943CF11}.Debug|x86.Build.0 = Debug|Any CPU
		{D5306EB6-5669-4872-8EE4-907C7943CF11}.Release|Any CPU.ActiveCfg = Release|Any CPU
		{D5306EB6-5669-4872-8EE4-907C7943CF11}.Release|Any CPU.Build.0 = Release|Any CPU
		{D5306EB6-5669-4872-8EE4-907C7943CF11}.Release|x64.ActiveCfg = Release|Any CPU
		{D5306EB6-5669-4872-8EE4-907C7943CF11}.Release|x64.Build.0 = Release|Any CPU
		{D5306EB6-5669-4872-8EE4-907C7943CF11}.Release|x86.ActiveCfg = Release|Any CPU
		{D5306EB6-5669-4872-8EE4-907C7943CF11}.Release|x86.Build.0 = Release|Any CPU
		{ADAA0395-0B19-4CE5-B632-F2247A357FE0}.Debug|Any CPU.ActiveCfg = Debug|Any CPU
		{ADAA0395-0B19-4CE5-B632-F2247A357FE0}.Debug|Any CPU.Build.0 = Debug|Any CPU
		{ADAA0395-0B19-4CE5-B632-F2247A357FE0}.Debug|x64.ActiveCfg = Debug|Any CPU
		{ADAA0395-0B19-4CE5-B632-F2247A357FE0}.Debug|x64.Build.0 = Debug|Any CPU
		{ADAA0395-0B19-4CE5-B632-F2247A357FE0}.Debug|x86.ActiveCfg = Debug|Any CPU
		{ADAA0395-0B19-4CE5-B632-F2247A357FE0}.Debug|x86.Build.0 = Debug|Any CPU
		{ADAA0395-0B19-4CE5-B632-F2247A357FE0}.Release|Any CPU.ActiveCfg = Release|Any CPU
		{ADAA0395-0B19-4CE5-B632-F2247A357FE0}.Release|Any CPU.Build.0 = Release|Any CPU
		{ADAA0395-0B19-4CE5-B632-F2247A357FE0}.Release|x64.ActiveCfg = Release|Any CPU
		{ADAA0395-0B19-4CE5-B632-F2247A357FE0}.Release|x64.Build.0 = Release|Any CPU
		{ADAA0395-0B19-4CE5-B632-F2247A357FE0}.Release|x86.ActiveCfg = Release|Any CPU
		{ADAA0395-0B19-4CE5-B632-F2247A357FE0}.Release|x86.Build.0 = Release|Any CPU
		{D67EAA0A-23BC-4B95-B0F6-5D8B5DB80384}.Debug|Any CPU.ActiveCfg = Debug|Any CPU
		{D67EAA0A-23BC-4B95-B0F6-5D8B5DB80384}.Debug|Any CPU.Build.0 = Debug|Any CPU
		{D67EAA0A-23BC-4B95-B0F6-5D8B5DB80384}.Debug|x64.ActiveCfg = Debug|Any CPU
		{D67EAA0A-23BC-4B95-B0F6-5D8B5DB80384}.Debug|x64.Build.0 = Debug|Any CPU
		{D67EAA0A-23BC-4B95-B0F6-5D8B5DB80384}.Debug|x86.ActiveCfg = Debug|Any CPU
		{D67EAA0A-23BC-4B95-B0F6-5D8B5DB80384}.Debug|x86.Build.0 = Debug|Any CPU
		{D67EAA0A-23BC-4B95-B0F6-5D8B5DB80384}.Release|Any CPU.ActiveCfg = Release|Any CPU
		{D67EAA0A-23BC-4B95-B0F6-5D8B5DB80384}.Release|Any CPU.Build.0 = Release|Any CPU
		{D67EAA0A-23BC-4B95-B0F6-5D8B5DB80384}.Release|x64.ActiveCfg = Release|Any CPU
		{D67EAA0A-23BC-4B95-B0F6-5D8B5DB80384}.Release|x64.Build.0 = Release|Any CPU
		{D67EAA0A-23BC-4B95-B0F6-5D8B5DB80384}.Release|x86.ActiveCfg = Release|Any CPU
		{D67EAA0A-23BC-4B95-B0F6-5D8B5DB80384}.Release|x86.Build.0 = Release|Any CPU
		{087D4791-2F78-4A33-8F89-30A1A9A7075A}.Debug|Any CPU.ActiveCfg = Debug|Any CPU
		{087D4791-2F78-4A33-8F89-30A1A9A7075A}.Debug|Any CPU.Build.0 = Debug|Any CPU
		{087D4791-2F78-4A33-8F89-30A1A9A7075A}.Debug|x64.ActiveCfg = Debug|Any CPU
		{087D4791-2F78-4A33-8F89-30A1A9A7075A}.Debug|x64.Build.0 = Debug|Any CPU
		{087D4791-2F78-4A33-8F89-30A1A9A7075A}.Debug|x86.ActiveCfg = Debug|Any CPU
		{087D4791-2F78-4A33-8F89-30A1A9A7075A}.Debug|x86.Build.0 = Debug|Any CPU
		{087D4791-2F78-4A33-8F89-30A1A9A7075A}.Release|Any CPU.ActiveCfg = Release|Any CPU
		{087D4791-2F78-4A33-8F89-30A1A9A7075A}.Release|Any CPU.Build.0 = Release|Any CPU
		{087D4791-2F78-4A33-8F89-30A1A9A7075A}.Release|x64.ActiveCfg = Release|Any CPU
		{087D4791-2F78-4A33-8F89-30A1A9A7075A}.Release|x64.Build.0 = Release|Any CPU
		{087D4791-2F78-4A33-8F89-30A1A9A7075A}.Release|x86.ActiveCfg = Release|Any CPU
		{087D4791-2F78-4A33-8F89-30A1A9A7075A}.Release|x86.Build.0 = Release|Any CPU
		{4E0779F6-1F49-4DFB-AB68-06BBEFE68B56}.Debug|Any CPU.ActiveCfg = Debug|Any CPU
		{4E0779F6-1F49-4DFB-AB68-06BBEFE68B56}.Debug|Any CPU.Build.0 = Debug|Any CPU
		{4E0779F6-1F49-4DFB-AB68-06BBEFE68B56}.Debug|x64.ActiveCfg = Debug|Any CPU
		{4E0779F6-1F49-4DFB-AB68-06BBEFE68B56}.Debug|x64.Build.0 = Debug|Any CPU
		{4E0779F6-1F49-4DFB-AB68-06BBEFE68B56}.Debug|x86.ActiveCfg = Debug|Any CPU
		{4E0779F6-1F49-4DFB-AB68-06BBEFE68B56}.Debug|x86.Build.0 = Debug|Any CPU
		{4E0779F6-1F49-4DFB-AB68-06BBEFE68B56}.Release|Any CPU.ActiveCfg = Release|Any CPU
		{4E0779F6-1F49-4DFB-AB68-06BBEFE68B56}.Release|Any CPU.Build.0 = Release|Any CPU
		{4E0779F6-1F49-4DFB-AB68-06BBEFE68B56}.Release|x64.ActiveCfg = Release|Any CPU
		{4E0779F6-1F49-4DFB-AB68-06BBEFE68B56}.Release|x64.Build.0 = Release|Any CPU
		{4E0779F6-1F49-4DFB-AB68-06BBEFE68B56}.Release|x86.ActiveCfg = Release|Any CPU
		{4E0779F6-1F49-4DFB-AB68-06BBEFE68B56}.Release|x86.Build.0 = Release|Any CPU
	EndGlobalSection
	GlobalSection(SolutionProperties) = preSolution
		HideSolutionNode = FALSE
	EndGlobalSection
	GlobalSection(NestedProjects) = preSolution
		{0841A736-3BD8-4802-8DCF-1CC779C09E11} = {827E0CD3-B72D-47B6-A68D-7590B98EB39B}
		{7EB5E5A4-9011-40F2-94FA-6C0092F333A2} = {827E0CD3-B72D-47B6-A68D-7590B98EB39B}
		{D5306EB6-5669-4872-8EE4-907C7943CF11} = {827E0CD3-B72D-47B6-A68D-7590B98EB39B}
		{ADAA0395-0B19-4CE5-B632-F2247A357FE0} = {827E0CD3-B72D-47B6-A68D-7590B98EB39B}
		{D67EAA0A-23BC-4B95-B0F6-5D8B5DB80384} = {827E0CD3-B72D-47B6-A68D-7590B98EB39B}
		{087D4791-2F78-4A33-8F89-30A1A9A7075A} = {827E0CD3-B72D-47B6-A68D-7590B98EB39B}
		{4E0779F6-1F49-4DFB-AB68-06BBEFE68B56} = {0AB3BF05-4346-4AA6-1389-037BE0695223}
	EndGlobalSection
EndGlobal
